
Microsoft Visual Studio Solution File, Format Version 12.00
# Visual Studio 15
VisualStudioVersion = 15.0.28307.106
MinimumVisualStudioVersion = 10.0.40219.1
Project("{FAE04EC0-301F-11D3-BF4B-00C04F79EFBC}") = "HarmeetSingh", "HarmeetSingh\HarmeetSingh.csproj", "{DB3AF401-BAC8-41E7-A9DC-2B3E76111DF3}"
EndProject
Project("{FAE04EC0-301F-11D3-BF4B-00C04F79EFBC}") = "BusinessApi", "BusinessApi\BusinessApi.csproj", "{A2C8CBD2-26E3-4358-8DE1-CD66F4E48D47}"
EndProject
Project("{FAE04EC0-301F-11D3-BF4B-00C04F79EFBC}") = "DataContract", "DataContract\DataContract.csproj", "{87F38902-B8C7-4BDE-9BC4-DEAECC319FD0}"
EndProject
Project("{FAE04EC0-301F-11D3-BF4B-00C04F79EFBC}") = "BusinessApiTest", "BusinessApiTest\BusinessApiTest.csproj", "{2FC10580-2D6C-4421-B0E3-141EE344B0EA}"
EndProject
Global
	GlobalSection(SolutionConfigurationPlatforms) = preSolution
		Debug|Any CPU = Debug|Any CPU
		Release|Any CPU = Release|Any CPU
	EndGlobalSection
	GlobalSection(ProjectConfigurationPlatforms) = postSolution
		{DB3AF401-BAC8-41E7-A9DC-2B3E76111DF3}.Debug|Any CPU.ActiveCfg = Debug|Any CPU
		{DB3AF401-BAC8-41E7-A9DC-2B3E76111DF3}.Debug|Any CPU.Build.0 = Debug|Any CPU
		{DB3AF401-BAC8-41E7-A9DC-2B3E76111DF3}.Release|Any CPU.ActiveCfg = Release|Any CPU
		{DB3AF401-BAC8-41E7-A9DC-2B3E76111DF3}.Release|Any CPU.Build.0 = Release|Any CPU
		{A2C8CBD2-26E3-4358-8DE1-CD66F4E48D47}.Debug|Any CPU.ActiveCfg = Debug|Any CPU
		{A2C8CBD2-26E3-4358-8DE1-CD66F4E48D47}.Debug|Any CPU.Build.0 = Debug|Any CPU
		{A2C8CBD2-26E3-4358-8DE1-CD66F4E48D47}.Release|Any CPU.ActiveCfg = Release|Any CPU
		{A2C8CBD2-26E3-4358-8DE1-CD66F4E48D47}.Release|Any CPU.Build.0 = Release|Any CPU
		{87F38902-B8C7-4BDE-9BC4-DEAECC319FD0}.Debug|Any CPU.ActiveCfg = Debug|Any CPU
		{87F38902-B8C7-4BDE-9BC4-DEAECC319FD0}.Debug|Any CPU.Build.0 = Debug|Any CPU
		{87F38902-B8C7-4BDE-9BC4-DEAECC319FD0}.Release|Any CPU.ActiveCfg = Release|Any CPU
		{87F38902-B8C7-4BDE-9BC4-DEAECC319FD0}.Release|Any CPU.Build.0 = Release|Any CPU
		{2FC10580-2D6C-4421-B0E3-141EE344B0EA}.Debug|Any CPU.ActiveCfg = Debug|Any CPU
		{2FC10580-2D6C-4421-B0E3-141EE344B0EA}.Debug|Any CPU.Build.0 = Debug|Any CPU
		{2FC10580-2D6C-4421-B0E3-141EE344B0EA}.Release|Any CPU.ActiveCfg = Release|Any CPU
		{2FC10580-2D6C-4421-B0E3-141EE344B0EA}.Release|Any CPU.Build.0 = Release|Any CPU
	EndGlobalSection
	GlobalSection(SolutionProperties) = preSolution
		HideSolutionNode = FALSE
	EndGlobalSection
	GlobalSection(ExtensibilityGlobals) = postSolution
		SolutionGuid = {E3F7BE66-92F6-4019-B9DF-92DC60424542}
	EndGlobalSection
EndGlobal
